
Microsoft Visual Studio Solution File, Format Version 12.00
# Visual Studio Version 17
VisualStudioVersion = 17.7.34009.444
MinimumVisualStudioVersion = 10.0.40219.1
Project("{2150E333-8FDC-42A3-9474-1A3956D46DE8}") = "Src", "Src", "{68CD2941-7749-485C-9D3E-1F624059574E}"
EndProject
Project("{2150E333-8FDC-42A3-9474-1A3956D46DE8}") = "Core", "Core", "{DC3CF649-35DD-4034-A2FF-6E8FE8A46B5F}"
EndProject
Project("{9A19103F-16F7-4668-BE54-9A1E7A4F7556}") = "Domain", "Domain\Domain.csproj", "{BD5089F2-158D-4692-AF8A-DC4434E87EBA}"
EndProject
Project("{9A19103F-16F7-4668-BE54-9A1E7A4F7556}") = "Application", "Application\Application.csproj", "{AE1B26E6-9715-431A-8DA8-7123DA85BD69}"
EndProject
Project("{2150E333-8FDC-42A3-9474-1A3956D46DE8}") = "Infra", "Infra", "{365CAC0E-C142-4EE2-A1A1-E7C599F1EB96}"
EndProject
Project("{9A19103F-16F7-4668-BE54-9A1E7A4F7556}") = "Infrastructure", "Infrastructure\Infrastructure.csproj", "{5AD01F2A-2058-4EE5-9201-A78CBCD302EC}"
EndProject
Project("{2150E333-8FDC-42A3-9474-1A3956D46DE8}") = "Host", "Host", "{D3F60011-EB77-4491-AEAD-8BDCBDEAAB9E}"
EndProject
Project("{9A19103F-16F7-4668-BE54-9A1E7A4F7556}") = "WebApi", "WebApi\WebApi.csproj", "{950D0822-A16C-4D79-8307-4B00BFEE043D}"
EndProject
Global
	GlobalSection(SolutionConfigurationPlatforms) = preSolution
		Debug|Any CPU = Debug|Any CPU
		Release|Any CPU = Release|Any CPU
	EndGlobalSection
	GlobalSection(ProjectConfigurationPlatforms) = postSolution
		{BD5089F2-158D-4692-AF8A-DC4434E87EBA}.Debug|Any CPU.ActiveCfg = Debug|Any CPU
		{BD5089F2-158D-4692-AF8A-DC4434E87EBA}.Debug|Any CPU.Build.0 = Debug|Any CPU
		{BD5089F2-158D-4692-AF8A-DC4434E87EBA}.Release|Any CPU.ActiveCfg = Release|Any CPU
		{BD5089F2-158D-4692-AF8A-DC4434E87EBA}.Release|Any CPU.Build.0 = Release|Any CPU
		{AE1B26E6-9715-431A-8DA8-7123DA85BD69}.Debug|Any CPU.ActiveCfg = Debug|Any CPU
		{AE1B26E6-9715-431A-8DA8-7123DA85BD69}.Debug|Any CPU.Build.0 = Debug|Any CPU
		{AE1B26E6-9715-431A-8DA8-7123DA85BD69}.Release|Any CPU.ActiveCfg = Release|Any CPU
		{AE1B26E6-9715-431A-8DA8-7123DA85BD69}.Release|Any CPU.Build.0 = Release|Any CPU
		{5AD01F2A-2058-4EE5-9201-A78CBCD302EC}.Debug|Any CPU.ActiveCfg = Debug|Any CPU
		{5AD01F2A-2058-4EE5-9201-A78CBCD302EC}.Debug|Any CPU.Build.0 = Debug|Any CPU
		{5AD01F2A-2058-4EE5-9201-A78CBCD302EC}.Release|Any CPU.ActiveCfg = Release|Any CPU
		{5AD01F2A-2058-4EE5-9201-A78CBCD302EC}.Release|Any CPU.Build.0 = Release|Any CPU
		{950D0822-A16C-4D79-8307-4B00BFEE043D}.Debug|Any CPU.ActiveCfg = Debug|Any CPU
		{950D0822-A16C-4D79-8307-4B00BFEE043D}.Debug|Any CPU.Build.0 = Debug|Any CPU
		{950D0822-A16C-4D79-8307-4B00BFEE043D}.Release|Any CPU.ActiveCfg = Release|Any CPU
		{950D0822-A16C-4D79-8307-4B00BFEE043D}.Release|Any CPU.Build.0 = Release|Any CPU
	EndGlobalSection
	GlobalSection(SolutionProperties) = preSolution
		HideSolutionNode = FALSE
	EndGlobalSection
	GlobalSection(NestedProjects) = preSolution
		{DC3CF649-35DD-4034-A2FF-6E8FE8A46B5F} = {68CD2941-7749-485C-9D3E-1F624059574E}
		{BD5089F2-158D-4692-AF8A-DC4434E87EBA} = {DC3CF649-35DD-4034-A2FF-6E8FE8A46B5F}
		{AE1B26E6-9715-431A-8DA8-7123DA85BD69} = {DC3CF649-35DD-4034-A2FF-6E8FE8A46B5F}
		{365CAC0E-C142-4EE2-A1A1-E7C599F1EB96} = {68CD2941-7749-485C-9D3E-1F624059574E}
		{5AD01F2A-2058-4EE5-9201-A78CBCD302EC} = {365CAC0E-C142-4EE2-A1A1-E7C599F1EB96}
		{D3F60011-EB77-4491-AEAD-8BDCBDEAAB9E} = {68CD2941-7749-485C-9D3E-1F624059574E}
		{950D0822-A16C-4D79-8307-4B00BFEE043D} = {D3F60011-EB77-4491-AEAD-8BDCBDEAAB9E}
	EndGlobalSection
	GlobalSection(ExtensibilityGlobals) = postSolution
		SolutionGuid = {785F3871-3AFA-4009-9D88-67C4529A778A}
	EndGlobalSection
EndGlobal
